
Microsoft Visual Studio Solution File, Format Version 12.00
# Visual Studio 15
VisualStudioVersion = 15.0.28307.421
MinimumVisualStudioVersion = 10.0.40219.1
Project("{9A19103F-16F7-4668-BE54-9A1E7A4F7556}") = "Rover", "Rover\Rover.csproj", "{8579D5D2-7B7D-4679-A6E9-9E5B62258169}"
EndProject
Project("{FAE04EC0-301F-11D3-BF4B-00C04F79EFBC}") = "Rover.UnitTests", "UnitTestProject1\Rover.UnitTests.csproj", "{E3B4C25E-D651-406C-B807-1F8D51AE1908}"
EndProject
Global
	GlobalSection(SolutionConfigurationPlatforms) = preSolution
		Debug|Any CPU = Debug|Any CPU
		Release|Any CPU = Release|Any CPU
	EndGlobalSection
	GlobalSection(ProjectConfigurationPlatforms) = postSolution
		{8579D5D2-7B7D-4679-A6E9-9E5B62258169}.Debug|Any CPU.ActiveCfg = Debug|Any CPU
		{8579D5D2-7B7D-4679-A6E9-9E5B62258169}.Debug|Any CPU.Build.0 = Debug|Any CPU
		{8579D5D2-7B7D-4679-A6E9-9E5B62258169}.Release|Any CPU.ActiveCfg = Release|Any CPU
		{8579D5D2-7B7D-4679-A6E9-9E5B62258169}.Release|Any CPU.Build.0 = Release|Any CPU
		{E3B4C25E-D651-406C-B807-1F8D51AE1908}.Debug|Any CPU.ActiveCfg = Debug|Any CPU
		{E3B4C25E-D651-406C-B807-1F8D51AE1908}.Debug|Any CPU.Build.0 = Debug|Any CPU
		{E3B4C25E-D651-406C-B807-1F8D51AE1908}.Release|Any CPU.ActiveCfg = Release|Any CPU
		{E3B4C25E-D651-406C-B807-1F8D51AE1908}.Release|Any CPU.Build.0 = Release|Any CPU
	EndGlobalSection
	GlobalSection(SolutionProperties) = preSolution
		HideSolutionNode = FALSE
	EndGlobalSection
	GlobalSection(ExtensibilityGlobals) = postSolution
		SolutionGuid = {90A5E246-0DA3-40EC-9505-B24D329C2BB1}
	EndGlobalSection
EndGlobal
